// !$*UTF8*$!
{
	archiveVersion = 1;
	classes = {
	};
	objectVersion = 50;
	objects = {

/* Begin PBXBuildFile section */
		64F88FC6213FD06B009719E1 /* AppDelegate.swift in Sources */ = {isa = PBXBuildFile; fileRef = 64F88FC5213FD06B009719E1 /* AppDelegate.swift */; };
		64F88FC8213FD06B009719E1 /* ViewController.swift in Sources */ = {isa = PBXBuildFile; fileRef = 64F88FC7213FD06B009719E1 /* ViewController.swift */; };
		64F88FCB213FD06B009719E1 /* Main.storyboard in Resources */ = {isa = PBXBuildFile; fileRef = 64F88FC9213FD06B009719E1 /* Main.storyboard */; };
		64F88FCD213FD06C009719E1 /* Assets.xcassets in Resources */ = {isa = PBXBuildFile; fileRef = 64F88FCC213FD06C009719E1 /* Assets.xcassets */; };
		64F88FD0213FD06C009719E1 /* LaunchScreen.storyboard in Resources */ = {isa = PBXBuildFile; fileRef = 64F88FCE213FD06C009719E1 /* LaunchScreen.storyboard */; };
		64F88FDB213FD06D009719E1 /* AlgorithmDemoTests.swift in Sources */ = {isa = PBXBuildFile; fileRef = 64F88FDA213FD06D009719E1 /* AlgorithmDemoTests.swift */; };
		64F88FE6213FD06D009719E1 /* AlgorithmDemoUITests.swift in Sources */ = {isa = PBXBuildFile; fileRef = 64F88FE5213FD06D009719E1 /* AlgorithmDemoUITests.swift */; };
		64F88FF5213FD0A9009719E1 /* SortClass.swift in Sources */ = {isa = PBXBuildFile; fileRef = 64F88FF4213FD0A9009719E1 /* SortClass.swift */; };
/* End PBXBuildFile section */

/* Begin PBXContainerItemProxy section */
		64F88FD7213FD06D009719E1 /* PBXContainerItemProxy */ = {
			isa = PBXContainerItemProxy;
			containerPortal = 64F88FBA213FD06B009719E1 /* Project object */;
			proxyType = 1;
			remoteGlobalIDString = 64F88FC1213FD06B009719E1;
			remoteInfo = AlgorithmDemo;
		};
		64F88FE2213FD06D009719E1 /* PBXContainerItemProxy */ = {
			isa = PBXContainerItemProxy;
			containerPortal = 64F88FBA213FD06B009719E1 /* Project object */;
			proxyType = 1;
			remoteGlobalIDString = 64F88FC1213FD06B009719E1;
			remoteInfo = AlgorithmDemo;
		};
/* End PBXContainerItemProxy section */

/* Begin PBXFileReference section */
		64F88FC2213FD06B009719E1 /* AlgorithmDemo.app */ = {isa = PBXFileReference; explicitFileType = wrapper.application; includeInIndex = 0; path = AlgorithmDemo.app; sourceTree = BUILT_PRODUCTS_DIR; };
		64F88FC5213FD06B009719E1 /* AppDelegate.swift */ = {isa = PBXFileReference; lastKnownFileType = sourcecode.swift; path = AppDelegate.swift; sourceTree = "<group>"; };
		64F88FC7213FD06B009719E1 /* ViewController.swift */ = {isa = PBXFileReference; lastKnownFileType = sourcecode.swift; path = ViewController.swift; sourceTree = "<group>"; };
		64F88FCA213FD06B009719E1 /* Base */ = {isa = PBXFileReference; lastKnownFileType = file.storyboard; name = Base; path = Base.lproj/Main.storyboard; sourceTree = "<group>"; };
		64F88FCC213FD06C009719E1 /* Assets.xcassets */ = {isa = PBXFileReference; lastKnownFileType = folder.assetcatalog; path = Assets.xcassets; sourceTree = "<group>"; };
		64F88FCF213FD06C009719E1 /* Base */ = {isa = PBXFileReference; lastKnownFileType = file.storyboard; name = Base; path = Base.lproj/LaunchScreen.storyboard; sourceTree = "<group>"; };
		64F88FD1213FD06C009719E1 /* Info.plist */ = {isa = PBXFileReference; lastKnownFileType = text.plist.xml; path = Info.plist; sourceTree = "<group>"; };
		64F88FD6213FD06D009719E1 /* AlgorithmDemoTests.xctest */ = {isa = PBXFileReference; explicitFileType = wrapper.cfbundle; includeInIndex = 0; path = AlgorithmDemoTests.xctest; sourceTree = BUILT_PRODUCTS_DIR; };
		64F88FDA213FD06D009719E1 /* AlgorithmDemoTests.swift */ = {isa = PBXFileReference; lastKnownFileType = sourcecode.swift; path = AlgorithmDemoTests.swift; sourceTree = "<group>"; };
		64F88FDC213FD06D009719E1 /* Info.plist */ = {isa = PBXFileReference; lastKnownFileType = text.plist.xml; path = Info.plist; sourceTree = "<group>"; };
		64F88FE1213FD06D009719E1 /* AlgorithmDemoUITests.xctest */ = {isa = PBXFileReference; explicitFileType = wrapper.cfbundle; includeInIndex = 0; path = AlgorithmDemoUITests.xctest; sourceTree = BUILT_PRODUCTS_DIR; };
		64F88FE5213FD06D009719E1 /* AlgorithmDemoUITests.swift */ = {isa = PBXFileReference; lastKnownFileType = sourcecode.swift; path = AlgorithmDemoUITests.swift; sourceTree = "<group>"; };
		64F88FE7213FD06D009719E1 /* Info.plist */ = {isa = PBXFileReference; lastKnownFileType = text.plist.xml; path = Info.plist; sourceTree = "<group>"; };
		64F88FF4213FD0A9009719E1 /* SortClass.swift */ = {isa = PBXFileReference; lastKnownFileType = sourcecode.swift; path = SortClass.swift; sourceTree = "<group>"; };
/* End PBXFileReference section */

/* Begin PBXFrameworksBuildPhase section */
		64F88FBF213FD06B009719E1 /* Frameworks */ = {
			isa = PBXFrameworksBuildPhase;
			buildActionMask = 2147483647;
			files = (
			);
			runOnlyForDeploymentPostprocessing = 0;
		};
		64F88FD3213FD06D009719E1 /* Frameworks */ = {
			isa = PBXFrameworksBuildPhase;
			buildActionMask = 2147483647;
			files = (
			);
			runOnlyForDeploymentPostprocessing = 0;
		};
		64F88FDE213FD06D009719E1 /* Frameworks */ = {
			isa = PBXFrameworksBuildPhase;
			buildActionMask = 2147483647;
			files = (
			);
			runOnlyForDeploymentPostprocessing = 0;
		};
/* End PBXFrameworksBuildPhase section */

/* Begin PBXGroup section */
		64F88FB9213FD06B009719E1 = {
			isa = PBXGroup;
			children = (
				64F88FC4213FD06B009719E1 /* AlgorithmDemo */,
				64F88FD9213FD06D009719E1 /* AlgorithmDemoTests */,
				64F88FE4213FD06D009719E1 /* AlgorithmDemoUITests */,
				64F88FC3213FD06B009719E1 /* Products */,
			);
			sourceTree = "<group>";
		};
		64F88FC3213FD06B009719E1 /* Products */ = {
			isa = PBXGroup;
			children = (
				64F88FC2213FD06B009719E1 /* AlgorithmDemo.app */,
				64F88FD6213FD06D009719E1 /* AlgorithmDemoTests.xctest */,
				64F88FE1213FD06D009719E1 /* AlgorithmDemoUITests.xctest */,
			);
			name = Products;
			sourceTree = "<group>";
		};
		64F88FC4213FD06B009719E1 /* AlgorithmDemo */ = {
			isa = PBXGroup;
			children = (
				64F88FF3213FD089009719E1 /* Classes */,
				64F88FC5213FD06B009719E1 /* AppDelegate.swift */,
				64F88FC7213FD06B009719E1 /* ViewController.swift */,
				64F88FC9213FD06B009719E1 /* Main.storyboard */,
				64F88FCC213FD06C009719E1 /* Assets.xcassets */,
				64F88FCE213FD06C009719E1 /* LaunchScreen.storyboard */,
				64F88FD1213FD06C009719E1 /* Info.plist */,
			);
			path = AlgorithmDemo;
			sourceTree = "<group>";
		};
		64F88FD9213FD06D009719E1 /* AlgorithmDemoTests */ = {
			isa = PBXGroup;
			children = (
				64F88FDA213FD06D009719E1 /* AlgorithmDemoTests.swift */,
				64F88FDC213FD06D009719E1 /* Info.plist */,
			);
			path = AlgorithmDemoTests;
			sourceTree = "<group>";
		};
		64F88FE4213FD06D009719E1 /* AlgorithmDemoUITests */ = {
			isa = PBXGroup;
			children = (
				64F88FE5213FD06D009719E1 /* AlgorithmDemoUITests.swift */,
				64F88FE7213FD06D009719E1 /* Info.plist */,
			);
			path = AlgorithmDemoUITests;
			sourceTree = "<group>";
		};
		64F88FF3213FD089009719E1 /* Classes */ = {
			isa = PBXGroup;
			children = (
				64F88FF4213FD0A9009719E1 /* SortClass.swift */,
			);
			path = Classes;
			sourceTree = "<group>";
		};
/* End PBXGroup section */

/* Begin PBXNativeTarget section */
		64F88FC1213FD06B009719E1 /* AlgorithmDemo */ = {
			isa = PBXNativeTarget;
			buildConfigurationList = 64F88FEA213FD06D009719E1 /* Build configuration list for PBXNativeTarget "AlgorithmDemo" */;
			buildPhases = (
				64F88FBE213FD06B009719E1 /* Sources */,
				64F88FBF213FD06B009719E1 /* Frameworks */,
				64F88FC0213FD06B009719E1 /* Resources */,
			);
			buildRules = (
			);
			dependencies = (
			);
			name = AlgorithmDemo;
			productName = AlgorithmDemo;
			productReference = 64F88FC2213FD06B009719E1 /* AlgorithmDemo.app */;
			productType = "com.apple.product-type.application";
		};
		64F88FD5213FD06D009719E1 /* AlgorithmDemoTests */ = {
			isa = PBXNativeTarget;
			buildConfigurationList = 64F88FED213FD06D009719E1 /* Build configuration list for PBXNativeTarget "AlgorithmDemoTests" */;
			buildPhases = (
				64F88FD2213FD06D009719E1 /* Sources */,
				64F88FD3213FD06D009719E1 /* Frameworks */,
				64F88FD4213FD06D009719E1 /* Resources */,
			);
			buildRules = (
			);
			dependencies = (
				64F88FD8213FD06D009719E1 /* PBXTargetDependency */,
			);
			name = AlgorithmDemoTests;
			productName = AlgorithmDemoTests;
			productReference = 64F88FD6213FD06D009719E1 /* AlgorithmDemoTests.xctest */;
			productType = "com.apple.product-type.bundle.unit-test";
		};
		64F88FE0213FD06D009719E1 /* AlgorithmDemoUITests */ = {
			isa = PBXNativeTarget;
			buildConfigurationList = 64F88FF0213FD06D009719E1 /* Build configuration list for PBXNativeTarget "AlgorithmDemoUITests" */;
			buildPhases = (
				64F88FDD213FD06D009719E1 /* Sources */,
				64F88FDE213FD06D009719E1 /* Frameworks */,
				64F88FDF213FD06D009719E1 /* Resources */,
			);
			buildRules = (
			);
			dependencies = (
				64F88FE3213FD06D009719E1 /* PBXTargetDependency */,
			);
			name = AlgorithmDemoUITests;
			productName = AlgorithmDemoUITests;
			productReference = 64F88FE1213FD06D009719E1 /* AlgorithmDemoUITests.xctest */;
			productType = "com.apple.product-type.bundle.ui-testing";
		};
/* End PBXNativeTarget section */

/* Begin PBXProject section */
		64F88FBA213FD06B009719E1 /* Project object */ = {
			isa = PBXProject;
			attributes = {
				LastSwiftUpdateCheck = 0940;
				LastUpgradeCheck = 0940;
				ORGANIZATIONNAME = shenyi;
				TargetAttributes = {
					64F88FC1213FD06B009719E1 = {
						CreatedOnToolsVersion = 9.4.1;
					};
					64F88FD5213FD06D009719E1 = {
						CreatedOnToolsVersion = 9.4.1;
						TestTargetID = 64F88FC1213FD06B009719E1;
					};
					64F88FE0213FD06D009719E1 = {
						CreatedOnToolsVersion = 9.4.1;
						TestTargetID = 64F88FC1213FD06B009719E1;
					};
				};
			};
			buildConfigurationList = 64F88FBD213FD06B009719E1 /* Build configuration list for PBXProject "AlgorithmDemo" */;
			compatibilityVersion = "Xcode 9.3";
			developmentRegion = en;
			hasScannedForEncodings = 0;
			knownRegions = (
				en,
				Base,
			);
			mainGroup = 64F88FB9213FD06B009719E1;
			productRefGroup = 64F88FC3213FD06B009719E1 /* Products */;
			projectDirPath = "";
			projectRoot = "";
			targets = (
				64F88FC1213FD06B009719E1 /* AlgorithmDemo */,
				64F88FD5213FD06D009719E1 /* AlgorithmDemoTests */,
				64F88FE0213FD06D009719E1 /* AlgorithmDemoUITests */,
			);
		};
/* End PBXProject section */

/* Begin PBXResourcesBuildPhase section */
		64F88FC0213FD06B009719E1 /* Resources */ = {
			isa = PBXResourcesBuildPhase;
			buildActionMask = 2147483647;
			files = (
				64F88FD0213FD06C009719E1 /* LaunchScreen.storyboard in Resources */,
				64F88FCD213FD06C009719E1 /* Assets.xcassets in Resources */,
				64F88FCB213FD06B009719E1 /* Main.storyboard in Resources */,
			);
			runOnlyForDeploymentPostprocessing = 0;
		};
		64F88FD4213FD06D009719E1 /* Resources */ = {
			isa = PBXResourcesBuildPhase;
			buildActionMask = 2147483647;
			files = (
			);
			runOnlyForDeploymentPostprocessing = 0;
		};
		64F88FDF213FD06D009719E1 /* Resources */ = {
			isa = PBXResourcesBuildPhase;
			buildActionMask = 2147483647;
			files = (
			);
			runOnlyForDeploymentPostprocessing = 0;
		};
/* End PBXResourcesBuildPhase section */

/* Begin PBXSourcesBuildPhase section */
		64F88FBE213FD06B009719E1 /* Sources */ = {
			isa = PBXSourcesBuildPhase;
			buildActionMask = 2147483647;
			files = (
				64F88FF5213FD0A9009719E1 /* SortClass.swift in Sources */,
				64F88FC8213FD06B009719E1 /* ViewController.swift in Sources */,
				64F88FC6213FD06B009719E1 /* AppDelegate.swift in Sources */,
			);
			runOnlyForDeploymentPostprocessing = 0;
		};
		64F88FD2213FD06D009719E1 /* Sources */ = {
			isa = PBXSourcesBuildPhase;
			buildActionMask = 2147483647;
			files = (
				64F88FDB213FD06D009719E1 /* AlgorithmDemoTests.swift in Sources */,
			);
			runOnlyForDeploymentPostprocessing = 0;
		};
		64F88FDD213FD06D009719E1 /* Sources */ = {
			isa = PBXSourcesBuildPhase;
			buildActionMask = 2147483647;
			files = (
				64F88FE6213FD06D009719E1 /* AlgorithmDemoUITests.swift in Sources */,
			);
			runOnlyForDeploymentPostprocessing = 0;
		};
/* End PBXSourcesBuildPhase section */

/* Begin PBXTargetDependency section */
		64F88FD8213FD06D009719E1 /* PBXTargetDependency */ = {
			isa = PBXTargetDependency;
			target = 64F88FC1213FD06B009719E1 /* AlgorithmDemo */;
			targetProxy = 64F88FD7213FD06D009719E1 /* PBXContainerItemProxy */;
		};
		64F88FE3213FD06D009719E1 /* PBXTargetDependency */ = {
			isa = PBXTargetDependency;
			target = 64F88FC1213FD06B009719E1 /* AlgorithmDemo */;
			targetProxy = 64F88FE2213FD06D009719E1 /* PBXContainerItemProxy */;
		};
/* End PBXTargetDependency section */

/* Begin PBXVariantGroup section */
		64F88FC9213FD06B009719E1 /* Main.storyboard */ = {
			isa = PBXVariantGroup;
			children = (
				64F88FCA213FD06B009719E1 /* Base */,
			);
			name = Main.storyboard;
			sourceTree = "<group>";
		};
		64F88FCE213FD06C009719E1 /* LaunchScreen.storyboard */ = {
			isa = PBXVariantGroup;
			children = (
				64F88FCF213FD06C009719E1 /* Base */,
			);
			name = LaunchScreen.storyboard;
			sourceTree = "<group>";
		};
/* End PBXVariantGroup section */

/* Begin XCBuildConfiguration section */
		64F88FE8213FD06D009719E1 /* Debug */ = {
			isa = XCBuildConfiguration;
			buildSettings = {
				ALWAYS_SEARCH_USER_PATHS = NO;
				CLANG_ANALYZER_NONNULL = YES;
				CLANG_ANALYZER_NUMBER_OBJECT_CONVERSION = YES_AGGRESSIVE;
				CLANG_CXX_LANGUAGE_STANDARD = "gnu++14";
				CLANG_CXX_LIBRARY = "libc++";
				CLANG_ENABLE_MODULES = YES;
				CLANG_ENABLE_OBJC_ARC = YES;
				CLANG_ENABLE_OBJC_WEAK = YES;
				CLANG_WARN_BLOCK_CAPTURE_AUTORELEASING = YES;
				CLANG_WARN_BOOL_CONVERSION = YES;
				CLANG_WARN_COMMA = YES;
				CLANG_WARN_CONSTANT_CONVERSION = YES;
				CLANG_WARN_DEPRECATED_OBJC_IMPLEMENTATIONS = YES;
				CLANG_WARN_DIRECT_OBJC_ISA_USAGE = YES_ERROR;
				CLANG_WARN_DOCUMENTATION_COMMENTS = YES;
				CLANG_WARN_EMPTY_BODY = YES;
				CLANG_WARN_ENUM_CONVERSION = YES;
				CLANG_WARN_INFINITE_RECURSION = YES;
				CLANG_WARN_INT_CONVERSION = YES;
				CLANG_WARN_NON_LITERAL_NULL_CONVERSION = YES;
				CLANG_WARN_OBJC_IMPLICIT_RETAIN_SELF = YES;
				CLANG_WARN_OBJC_LITERAL_CONVERSION = YES;
				CLANG_WARN_OBJC_ROOT_CLASS = YES_ERROR;
				CLANG_WARN_RANGE_LOOP_ANALYSIS = YES;
				CLANG_WARN_STRICT_PROTOTYPES = YES;
				CLANG_WARN_SUSPICIOUS_MOVE = YES;
				CLANG_WARN_UNGUARDED_AVAILABILITY = YES_AGGRESSIVE;
				CLANG_WARN_UNREACHABLE_CODE = YES;
				CLANG_WARN__DUPLICATE_METHOD_MATCH = YES;
				CODE_SIGN_IDENTITY = "iPhone Developer";
				COPY_PHASE_STRIP = NO;
				DEBUG_INFORMATION_FORMAT = dwarf;
				ENABLE_STRICT_OBJC_MSGSEND = YES;
				ENABLE_TESTABILITY = YES;
				GCC_C_LANGUAGE_STANDARD = gnu11;
				GCC_DYNAMIC_NO_PIC = NO;
				GCC_NO_COMMON_BLOCKS = YES;
				GCC_OPTIMIZATION_LEVEL = 0;
				GCC_PREPROCESSOR_DEFINITIONS = (
					"DEBUG=1",
					"$(inherited)",
				);
				GCC_WARN_64_TO_32_BIT_CONVERSION = YES;
				GCC_WARN_ABOUT_RETURN_TYPE = YES_ERROR;
				GCC_WARN_UNDECLARED_SELECTOR = YES;
				GCC_WARN_UNINITIALIZED_AUTOS = YES_AGGRESSIVE;
				GCC_WARN_UNUSED_FUNCTION = YES;
				GCC_WARN_UNUSED_VARIABLE = YES;
				IPHONEOS_DEPLOYMENT_TARGET = 11.4;
				MTL_ENABLE_DEBUG_INFO = YES;
				ONLY_ACTIVE_ARCH = YES;
				SDKROOT = iphoneos;
				SWIFT_ACTIVE_COMPILATION_CONDITIONS = DEBUG;
				SWIFT_OPTIMIZATION_LEVEL = "-Onone";
			};
			name = Debug;
		};
		64F88FE9213FD06D009719E1 /* Release */ = {
			isa = XCBuildConfiguration;
			buildSettings = {
				ALWAYS_SEARCH_USER_PATHS = NO;
				CLANG_ANALYZER_NONNULL = YES;
				CLANG_ANALYZER_NUMBER_OBJECT_CONVERSION = YES_AGGRESSIVE;
				CLANG_CXX_LANGUAGE_STANDARD = "gnu++14";
				CLANG_CXX_LIBRARY = "libc++";
				CLANG_ENABLE_MODULES = YES;
				CLANG_ENABLE_OBJC_ARC = YES;
				CLANG_ENABLE_OBJC_WEAK = YES;
				CLANG_WARN_BLOCK_CAPTURE_AUTORELEASING = YES;
				CLANG_WARN_BOOL_CONVERSION = YES;
				CLANG_WARN_COMMA = YES;
				CLANG_WARN_CONSTANT_CONVERSION = YES;
				CLANG_WARN_DEPRECATED_OBJC_IMPLEMENTATIONS = YES;
				CLANG_WARN_DIRECT_OBJC_ISA_USAGE = YES_ERROR;
				CLANG_WARN_DOCUMENTATION_COMMENTS = YES;
				CLANG_WARN_EMPTY_BODY = YES;
				CLANG_WARN_ENUM_CONVERSION = YES;
				CLANG_WARN_INFINITE_RECURSION = YES;
				CLANG_WARN_INT_CONVERSION = YES;
				CLANG_WARN_NON_LITERAL_NULL_CONVERSION = YES;
				CLANG_WARN_OBJC_IMPLICIT_RETAIN_SELF = YES;
				CLANG_WARN_OBJC_LITERAL_CONVERSION = YES;
				CLANG_WARN_OBJC_ROOT_CLASS = YES_ERROR;
				CLANG_WARN_RANGE_LOOP_ANALYSIS = YES;
				CLANG_WARN_STRICT_PROTOTYPES = YES;
				CLANG_WARN_SUSPICIOUS_MOVE = YES;
				CLANG_WARN_UNGUARDED_AVAILABILITY = YES_AGGRESSIVE;
				CLANG_WARN_UNREACHABLE_CODE = YES;
				CLANG_WARN__DUPLICATE_METHOD_MATCH = YES;
				CODE_SIGN_IDENTITY = "iPhone Developer";
				COPY_PHASE_STRIP = NO;
				DEBUG_INFORMATION_FORMAT = "dwarf-with-dsym";
				ENABLE_NS_ASSERTIONS = NO;
				ENABLE_STRICT_OBJC_MSGSEND = YES;
				GCC_C_LANGUAGE_STANDARD = gnu11;
				GCC_NO_COMMON_BLOCKS = YES;
				GCC_WARN_64_TO_32_BIT_CONVERSION = YES;
				GCC_WARN_ABOUT_RETURN_TYPE = YES_ERROR;
				GCC_WARN_UNDECLARED_SELECTOR = YES;
				GCC_WARN_UNINITIALIZED_AUTOS = YES_AGGRESSIVE;
				GCC_WARN_UNUSED_FUNCTION = YES;
				GCC_WARN_UNUSED_VARIABLE = YES;
				IPHONEOS_DEPLOYMENT_TARGET = 11.4;
				MTL_ENABLE_DEBUG_INFO = NO;
				SDKROOT = iphoneos;
				SWIFT_COMPILATION_MODE = wholemodule;
				SWIFT_OPTIMIZATION_LEVEL = "-O";
				VALIDATE_PRODUCT = YES;
			};
			name = Release;
		};
		64F88FEB213FD06D009719E1 /* Debug */ = {
			isa = XCBuildConfiguration;
			buildSettings = {
				ASSETCATALOG_COMPILER_APPICON_NAME = AppIcon;
				CODE_SIGN_STYLE = Automatic;
				DEVELOPMENT_TEAM = 864Q28XGGF;
				INFOPLIST_FILE = AlgorithmDemo/Info.plist;
				LD_RUNPATH_SEARCH_PATHS = (
					"$(inherited)",
					"@executable_path/Frameworks",
				);
				PRODUCT_BUNDLE_IDENTIFIER = com.shenyi.AlgorithmDemo;
				PRODUCT_NAME = "$(TARGET_NAME)";
				SWIFT_VERSION = 4.0;
				TARGETED_DEVICE_FAMILY = "1,2";
			};
			name = Debug;
		};
		64F88FEC213FD06D009719E1 /* Release */ = {
			isa = XCBuildConfiguration;
			buildSettings = {
				ASSETCATALOG_COMPILER_APPICON_NAME = AppIcon;
				CODE_SIGN_STYLE = Automatic;
				DEVELOPMENT_TEAM = 864Q28XGGF;
				INFOPLIST_FILE = AlgorithmDemo/Info.plist;
				LD_RUNPATH_SEARCH_PATHS = (
					"$(inherited)",
					"@executable_path/Frameworks",
				);
				PRODUCT_BUNDLE_IDENTIFIER = com.shenyi.AlgorithmDemo;
				PRODUCT_NAME = "$(TARGET_NAME)";
				SWIFT_VERSION = 4.0;
				TARGETED_DEVICE_FAMILY = "1,2";
			};
			name = Release;
		};
		64F88FEE213FD06D009719E1 /* Debug */ = {
			isa = XCBuildConfiguration;
			buildSettings = {
				ALWAYS_EMBED_SWIFT_STANDARD_LIBRARIES = YES;
				BUNDLE_LOADER = "$(TEST_HOST)";
				CODE_SIGN_STYLE = Automatic;
				INFOPLIST_FILE = AlgorithmDemoTests/Info.plist;
				LD_RUNPATH_SEARCH_PATHS = (
					"$(inherited)",
					"@executable_path/Frameworks",
					"@loader_path/Frameworks",
				);
				PRODUCT_BUNDLE_IDENTIFIER = com.shenyi.AlgorithmDemoTests;
				PRODUCT_NAME = "$(TARGET_NAME)";
				SWIFT_VERSION = 4.0;
				TARGETED_DEVICE_FAMILY = "1,2";
				TEST_HOST = "$(BUILT_PRODUCTS_DIR)/AlgorithmDemo.app/AlgorithmDemo";
			};
			name = Debug;
		};
		64F88FEF213FD06D009719E1 /* Release */ = {
			isa = XCBuildConfiguration;
			buildSettings = {
				ALWAYS_EMBED_SWIFT_STANDARD_LIBRARIES = YES;
				BUNDLE_LOADER = "$(TEST_HOST)";
				CODE_SIGN_STYLE = Automatic;
				INFOPLIST_FILE = AlgorithmDemoTests/Info.plist;
				LD_RUNPATH_SEARCH_PATHS = (
					"$(inherited)",
					"@executable_path/Frameworks",
					"@loader_path/Frameworks",
				);
				PRODUCT_BUNDLE_IDENTIFIER = com.shenyi.AlgorithmDemoTests;
				PRODUCT_NAME = "$(TARGET_NAME)";
				SWIFT_VERSION = 4.0;
				TARGETED_DEVICE_FAMILY = "1,2";
				TEST_HOST = "$(BUILT_PRODUCTS_DIR)/AlgorithmDemo.app/AlgorithmDemo";
			};
			name = Release;
		};
		64F88FF1213FD06D009719E1 /* Debug */ = {
			isa = XCBuildConfiguration;
			buildSettings = {
				ALWAYS_EMBED_SWIFT_STANDARD_LIBRARIES = YES;
				CODE_SIGN_STYLE = Automatic;
				INFOPLIST_FILE = AlgorithmDemoUITests/Info.plist;
				LD_RUNPATH_SEARCH_PATHS = (
					"$(inherited)",
					"@executable_path/Frameworks",
					"@loader_path/Frameworks",
				);
				PRODUCT_BUNDLE_IDENTIFIER = com.shenyi.AlgorithmDemoUITests;
				PRODUCT_NAME = "$(TARGET_NAME)";
				SWIFT_VERSION = 4.0;
				TARGETED_DEVICE_FAMILY = "1,2";
				TEST_TARGET_NAME = AlgorithmDemo;
			};
			name = Debug;
		};
		64F88FF2213FD06D009719E1 /* Release */ = {
			isa = XCBuildConfiguration;
			buildSettings = {
				ALWAYS_EMBED_SWIFT_STANDARD_LIBRARIES = YES;
				CODE_SIGN_STYLE = Automatic;
				INFOPLIST_FILE = AlgorithmDemoUITests/Info.plist;
				LD_RUNPATH_SEARCH_PATHS = (
					"$(inherited)",
					"@executable_path/Frameworks",
					"@loader_path/Frameworks",
				);
				PRODUCT_BUNDLE_IDENTIFIER = com.shenyi.AlgorithmDemoUITests;
				PRODUCT_NAME = "$(TARGET_NAME)";
				SWIFT_VERSION = 4.0;
				TARGETED_DEVICE_FAMILY = "1,2";
				TEST_TARGET_NAME = AlgorithmDemo;
			};
			name = Release;
		};
/* End XCBuildConfiguration section */

/* Begin XCConfigurationList section */
		64F88FBD213FD06B009719E1 /* Build configuration list for PBXProject "AlgorithmDemo" */ = {
			isa = XCConfigurationList;
			buildConfigurations = (
				64F88FE8213FD06D009719E1 /* Debug */,
				64F88FE9213FD06D009719E1 /* Release */,
			);
			defaultConfigurationIsVisible = 0;
			defaultConfigurationName = Release;
		};
		64F88FEA213FD06D009719E1 /* Build configuration list for PBXNativeTarget "AlgorithmDemo" */ = {
			isa = XCConfigurationList;
			buildConfigurations = (
				64F88FEB213FD06D009719E1 /* Debug */,
				64F88FEC213FD06D009719E1 /* Release */,
			);
			defaultConfigurationIsVisible = 0;
			defaultConfigurationName = Release;
		};
		64F88FED213FD06D009719E1 /* Build configuration list for PBXNativeTarget "AlgorithmDemoTests" */ = {
			isa = XCConfigurationList;
			buildConfigurations = (
				64F88FEE213FD06D009719E1 /* Debug */,
				64F88FEF213FD06D009719E1 /* Release */,
			);
			defaultConfigurationIsVisible = 0;
			defaultConfigurationName = Release;
		};
		64F88FF0213FD06D009719E1 /* Build configuration list for PBXNativeTarget "AlgorithmDemoUITests" */ = {
			isa = XCConfigurationList;
			buildConfigurations = (
				64F88FF1213FD06D009719E1 /* Debug */,
				64F88FF2213FD06D009719E1 /* Release */,
			);
			defaultConfigurationIsVisible = 0;
			defaultConfigurationName = Release;
		};
/* End XCConfigurationList section */
	};
	rootObject = 64F88FBA213FD06B009719E1 /* Project object */;
}
